
Microsoft Visual Studio Solution File, Format Version 12.00
# Visual Studio Version 16
VisualStudioVersion = 16.0.31829.152
MinimumVisualStudioVersion = 10.0.40219.1
Project("{2150E333-8FDC-42A3-9474-1A3956D46DE8}") = "src", "src", "{2A30F5AC-1650-4948-AAF8-B4DAD07AAA2E}"
EndProject
Project("{2150E333-8FDC-42A3-9474-1A3956D46DE8}") = "Services", "Services", "{0398CDAE-E001-43B3-AFFD-B7AEF4E504AD}"
EndProject
Project("{2150E333-8FDC-42A3-9474-1A3956D46DE8}") = "SensorLogging", "SensorLogging", "{07EF848D-50B4-42CA-8CEC-3FAF99C7B2A5}"
EndProject
Project("{FAE04EC0-301F-11D3-BF4B-00C04F79EFBC}") = "SensorLogging.API", "SensorLogging\SensorLogging.API.csproj", "{5B1844BA-5B03-4C7A-AF5F-FC5F47416101}"
EndProject
Project("{2150E333-8FDC-42A3-9474-1A3956D46DE8}") = "Tests", "Tests", "{174AEDB8-4C00-4B53-8905-18234F23073F}"
EndProject
Project("{FAE04EC0-301F-11D3-BF4B-00C04F79EFBC}") = "SensorLogging.UnitTests", "SensorLogging.UnitTests\SensorLogging.UnitTests.csproj", "{4EE99BFA-B31B-4E54-9B6A-095635304842}"
EndProject
Global
	GlobalSection(SolutionConfigurationPlatforms) = preSolution
		Debug|Any CPU = Debug|Any CPU
		Release|Any CPU = Release|Any CPU
	EndGlobalSection
	GlobalSection(ProjectConfigurationPlatforms) = postSolution
		{5B1844BA-5B03-4C7A-AF5F-FC5F47416101}.Debug|Any CPU.ActiveCfg = Debug|Any CPU
		{5B1844BA-5B03-4C7A-AF5F-FC5F47416101}.Debug|Any CPU.Build.0 = Debug|Any CPU
		{5B1844BA-5B03-4C7A-AF5F-FC5F47416101}.Release|Any CPU.ActiveCfg = Release|Any CPU
		{5B1844BA-5B03-4C7A-AF5F-FC5F47416101}.Release|Any CPU.Build.0 = Release|Any CPU
		{4EE99BFA-B31B-4E54-9B6A-095635304842}.Debug|Any CPU.ActiveCfg = Debug|Any CPU
		{4EE99BFA-B31B-4E54-9B6A-095635304842}.Debug|Any CPU.Build.0 = Debug|Any CPU
		{4EE99BFA-B31B-4E54-9B6A-095635304842}.Release|Any CPU.ActiveCfg = Release|Any CPU
		{4EE99BFA-B31B-4E54-9B6A-095635304842}.Release|Any CPU.Build.0 = Release|Any CPU
	EndGlobalSection
	GlobalSection(SolutionProperties) = preSolution
		HideSolutionNode = FALSE
	EndGlobalSection
	GlobalSection(NestedProjects) = preSolution
		{0398CDAE-E001-43B3-AFFD-B7AEF4E504AD} = {2A30F5AC-1650-4948-AAF8-B4DAD07AAA2E}
		{07EF848D-50B4-42CA-8CEC-3FAF99C7B2A5} = {0398CDAE-E001-43B3-AFFD-B7AEF4E504AD}
		{5B1844BA-5B03-4C7A-AF5F-FC5F47416101} = {07EF848D-50B4-42CA-8CEC-3FAF99C7B2A5}
		{174AEDB8-4C00-4B53-8905-18234F23073F} = {07EF848D-50B4-42CA-8CEC-3FAF99C7B2A5}
		{4EE99BFA-B31B-4E54-9B6A-095635304842} = {174AEDB8-4C00-4B53-8905-18234F23073F}
	EndGlobalSection
	GlobalSection(ExtensibilityGlobals) = postSolution
		SolutionGuid = {118D9812-E1AA-4E23-84FA-600A845ED011}
	EndGlobalSection
EndGlobal
